{
  "name": "pkmn-watchface",
  "version": "5.8.0",
  "lockfileVersion": 3,
  "requires": true,
  "packages": {
    "": {
      "name": "pkmn-watchface",
      "version": "5.8.0",
      "dependencies": {
        "@rebble/clay": "^1.0.10"
      }
    },
    "node_modules/@rebble/clay": {
      "version": "1.0.10",
      "resolved": "https://registry.npmjs.org/@rebble/clay/-/clay-1.0.10.tgz",
      "integrity": "sha512-84EL9J6egrnWk/FzqCxRa9/vqO4fx7SBxdttthLEpBro+FVqUg+rMlqOzT8+zl4PkBQKAWdnqHwlHaS4heiXKg=="
    }
  }
}
